// !$*UTF8*$!
{
	archiveVersion = 1;
	classes = {
	};
	objectVersion = 50;
	objects = {

/* Begin PBXBuildFile section */
		5AADE8A023864124003567BE /* AppDelegate.swift in Sources */ = {isa = PBXBuildFile; fileRef = 5AADE89F23864124003567BE /* AppDelegate.swift */; };
		5AADE8A223864124003567BE /* ViewController.swift in Sources */ = {isa = PBXBuildFile; fileRef = 5AADE8A123864124003567BE /* ViewController.swift */; };
		5AADE8A523864125003567BE /* Main.storyboard in Resources */ = {isa = PBXBuildFile; fileRef = 5AADE8A323864125003567BE /* Main.storyboard */; };
		5AADE8A723864126003567BE /* Assets.xcassets in Resources */ = {isa = PBXBuildFile; fileRef = 5AADE8A623864126003567BE /* Assets.xcassets */; };
		5AADE8AA23864126003567BE /* LaunchScreen.storyboard in Resources */ = {isa = PBXBuildFile; fileRef = 5AADE8A823864126003567BE /* LaunchScreen.storyboard */; };
		5AADE8B22386416E003567BE /* ExtensionBaseImp.swift in Sources */ = {isa = PBXBuildFile; fileRef = 5AADE8B12386416E003567BE /* ExtensionBaseImp.swift */; };
/* End PBXBuildFile section */

/* Begin PBXFileReference section */
		5AADE89C23864124003567BE /* ExtensionBaseImpDemo.app */ = {isa = PBXFileReference; explicitFileType = wrapper.application; includeInIndex = 0; path = ExtensionBaseImpDemo.app; sourceTree = BUILT_PRODUCTS_DIR; };
		5AADE89F23864124003567BE /* AppDelegate.swift */ = {isa = PBXFileReference; lastKnownFileType = sourcecode.swift; path = AppDelegate.swift; sourceTree = "<group>"; };
		5AADE8A123864124003567BE /* ViewController.swift */ = {isa = PBXFileReference; lastKnownFileType = sourcecode.swift; path = ViewController.swift; sourceTree = "<group>"; };
		5AADE8A423864125003567BE /* Base */ = {isa = PBXFileReference; lastKnownFileType = file.storyboard; name = Base; path = Base.lproj/Main.storyboard; sourceTree = "<group>"; };
		5AADE8A623864126003567BE /* Assets.xcassets */ = {isa = PBXFileReference; lastKnownFileType = folder.assetcatalog; path = Assets.xcassets; sourceTree = "<group>"; };
		5AADE8A923864126003567BE /* Base */ = {isa = PBXFileReference; lastKnownFileType = file.storyboard; name = Base; path = Base.lproj/LaunchScreen.storyboard; sourceTree = "<group>"; };
		5AADE8AB23864126003567BE /* Info.plist */ = {isa = PBXFileReference; lastKnownFileType = text.plist.xml; path = Info.plist; sourceTree = "<group>"; };
		5AADE8B12386416E003567BE /* ExtensionBaseImp.swift */ = {isa = PBXFileReference; lastKnownFileType = sourcecode.swift; path = ExtensionBaseImp.swift; sourceTree = "<group>"; };
/* End PBXFileReference section */

/* Begin PBXFrameworksBuildPhase section */
		5AADE89923864124003567BE /* Frameworks */ = {
			isa = PBXFrameworksBuildPhase;
			buildActionMask = 2147483647;
			files = (
			);
			runOnlyForDeploymentPostprocessing = 0;
		};
/* End PBXFrameworksBuildPhase section */

/* Begin PBXGroup section */
		5AADE89323864124003567BE = {
			isa = PBXGroup;
			children = (
				5AADE89E23864124003567BE /* ExtensionBaseImpDemo */,
				5AADE89D23864124003567BE /* Products */,
			);
			sourceTree = "<group>";
		};
		5AADE89D23864124003567BE /* Products */ = {
			isa = PBXGroup;
			children = (
				5AADE89C23864124003567BE /* ExtensionBaseImpDemo.app */,
			);
			name = Products;
			sourceTree = "<group>";
		};
		5AADE89E23864124003567BE /* ExtensionBaseImpDemo */ = {
			isa = PBXGroup;
			children = (
				5AADE89F23864124003567BE /* AppDelegate.swift */,
				5AADE8A123864124003567BE /* ViewController.swift */,
				5AADE8A323864125003567BE /* Main.storyboard */,
				5AADE8A623864126003567BE /* Assets.xcassets */,
				5AADE8A823864126003567BE /* LaunchScreen.storyboard */,
				5AADE8AB23864126003567BE /* Info.plist */,
				5AADE8B12386416E003567BE /* ExtensionBaseImp.swift */,
			);
			path = ExtensionBaseImpDemo;
			sourceTree = "<group>";
		};
/* End PBXGroup section */

/* Begin PBXNativeTarget section */
		5AADE89B23864124003567BE /* ExtensionBaseImpDemo */ = {
			isa = PBXNativeTarget;
			buildConfigurationList = 5AADE8AE23864126003567BE /* Build configuration list for PBXNativeTarget "ExtensionBaseImpDemo" */;
			buildPhases = (
				5AADE89823864124003567BE /* Sources */,
				5AADE89923864124003567BE /* Frameworks */,
				5AADE89A23864124003567BE /* Resources */,
			);
			buildRules = (
			);
			dependencies = (
			);
			name = ExtensionBaseImpDemo;
			productName = ExtensionBaseImpDemo;
			productReference = 5AADE89C23864124003567BE /* ExtensionBaseImpDemo.app */;
			productType = "com.apple.product-type.application";
		};
/* End PBXNativeTarget section */

/* Begin PBXProject section */
		5AADE89423864124003567BE /* Project object */ = {
			isa = PBXProject;
			attributes = {
				LastSwiftUpdateCheck = 1020;
				LastUpgradeCheck = 1020;
				ORGANIZATIONNAME = Wanutoo;
				TargetAttributes = {
					5AADE89B23864124003567BE = {
						CreatedOnToolsVersion = 10.2.1;
					};
				};
			};
			buildConfigurationList = 5AADE89723864124003567BE /* Build configuration list for PBXProject "ExtensionBaseImpDemo" */;
			compatibilityVersion = "Xcode 9.3";
			developmentRegion = en;
			hasScannedForEncodings = 0;
			knownRegions = (
				en,
				Base,
			);
			mainGroup = 5AADE89323864124003567BE;
			productRefGroup = 5AADE89D23864124003567BE /* Products */;
			projectDirPath = "";
			projectRoot = "";
			targets = (
				5AADE89B23864124003567BE /* ExtensionBaseImpDemo */,
			);
		};
/* End PBXProject section */

/* Begin PBXResourcesBuildPhase section */
		5AADE89A23864124003567BE /* Resources */ = {
			isa = PBXResourcesBuildPhase;
			buildActionMask = 2147483647;
			files = (
				5AADE8AA23864126003567BE /* LaunchScreen.storyboard in Resources */,
				5AADE8A723864126003567BE /* Assets.xcassets in Resources */,
				5AADE8A523864125003567BE /* Main.storyboard in Resources */,
			);
			runOnlyForDeploymentPostprocessing = 0;
		};
/* End PBXResourcesBuildPhase section */

/* Begin PBXSourcesBuildPhase section */
		5AADE89823864124003567BE /* Sources */ = {
			isa = PBXSourcesBuildPhase;
			buildActionMask = 2147483647;
			files = (
				5AADE8A223864124003567BE /* ViewController.swift in Sources */,
				5AADE8B22386416E003567BE /* ExtensionBaseImp.swift in Sources */,
				5AADE8A023864124003567BE /* AppDelegate.swift in Sources */,
			);
			runOnlyForDeploymentPostprocessing = 0;
		};
/* End PBXSourcesBuildPhase section */

/* Begin PBXVariantGroup section */
		5AADE8A323864125003567BE /* Main.storyboard */ = {
			isa = PBXVariantGroup;
			children = (
				5AADE8A423864125003567BE /* Base */,
			);
			name = Main.storyboard;
			sourceTree = "<group>";
		};
		5AADE8A823864126003567BE /* LaunchScreen.storyboard */ = {
			isa = PBXVariantGroup;
			children = (
				5AADE8A923864126003567BE /* Base */,
			);
			name = LaunchScreen.storyboard;
			sourceTree = "<group>";
		};
/* End PBXVariantGroup section */

/* Begin XCBuildConfiguration section */
		5AADE8AC23864126003567BE /* Debug */ = {
			isa = XCBuildConfiguration;
			buildSettings = {
				ALWAYS_SEARCH_USER_PATHS = NO;
				CLANG_ANALYZER_NONNULL = YES;
				CLANG_ANALYZER_NUMBER_OBJECT_CONVERSION = YES_AGGRESSIVE;
				CLANG_CXX_LANGUAGE_STANDARD = "gnu++14";
				CLANG_CXX_LIBRARY = "libc++";
				CLANG_ENABLE_MODULES = YES;
				CLANG_ENABLE_OBJC_ARC = YES;
				CLANG_ENABLE_OBJC_WEAK = YES;
				CLANG_WARN_BLOCK_CAPTURE_AUTORELEASING = YES;
				CLANG_WARN_BOOL_CONVERSION = YES;
				CLANG_WARN_COMMA = YES;
				CLANG_WARN_CONSTANT_CONVERSION = YES;
				CLANG_WARN_DEPRECATED_OBJC_IMPLEMENTATIONS = YES;
				CLANG_WARN_DIRECT_OBJC_ISA_USAGE = YES_ERROR;
				CLANG_WARN_DOCUMENTATION_COMMENTS = YES;
				CLANG_WARN_EMPTY_BODY = YES;
				CLANG_WARN_ENUM_CONVERSION = YES;
				CLANG_WARN_INFINITE_RECURSION = YES;
				CLANG_WARN_INT_CONVERSION = YES;
				CLANG_WARN_NON_LITERAL_NULL_CONVERSION = YES;
				CLANG_WARN_OBJC_IMPLICIT_RETAIN_SELF = YES;
				CLANG_WARN_OBJC_LITERAL_CONVERSION = YES;
				CLANG_WARN_OBJC_ROOT_CLASS = YES_ERROR;
				CLANG_WARN_RANGE_LOOP_ANALYSIS = YES;
				CLANG_WARN_STRICT_PROTOTYPES = YES;
				CLANG_WARN_SUSPICIOUS_MOVE = YES;
				CLANG_WARN_UNGUARDED_AVAILABILITY = YES_AGGRESSIVE;
				CLANG_WARN_UNREACHABLE_CODE = YES;
				CLANG_WARN__DUPLICATE_METHOD_MATCH = YES;
				CODE_SIGN_IDENTITY = "iPhone Developer";
				COPY_PHASE_STRIP = NO;
				DEBUG_INFORMATION_FORMAT = dwarf;
				ENABLE_STRICT_OBJC_MSGSEND = YES;
				ENABLE_TESTABILITY = YES;
				GCC_C_LANGUAGE_STANDARD = gnu11;
				GCC_DYNAMIC_NO_PIC = NO;
				GCC_NO_COMMON_BLOCKS = YES;
				GCC_OPTIMIZATION_LEVEL = 0;
				GCC_PREPROCESSOR_DEFINITIONS = (
					"DEBUG=1",
					"$(inherited)",
				);
				GCC_WARN_64_TO_32_BIT_CONVERSION = YES;
				GCC_WARN_ABOUT_RETURN_TYPE = YES_ERROR;
				GCC_WARN_UNDECLARED_SELECTOR = YES;
				GCC_WARN_UNINITIALIZED_AUTOS = YES_AGGRESSIVE;
				GCC_WARN_UNUSED_FUNCTION = YES;
				GCC_WARN_UNUSED_VARIABLE = YES;
				IPHONEOS_DEPLOYMENT_TARGET = 12.2;
				MTL_ENABLE_DEBUG_INFO = INCLUDE_SOURCE;
				MTL_FAST_MATH = YES;
				ONLY_ACTIVE_ARCH = YES;
				SDKROOT = iphoneos;
				SWIFT_ACTIVE_COMPILATION_CONDITIONS = DEBUG;
				SWIFT_OPTIMIZATION_LEVEL = "-Onone";
			};
			name = Debug;
		};
		5AADE8AD23864126003567BE /* Release */ = {
			isa = XCBuildConfiguration;
			buildSettings = {
				ALWAYS_SEARCH_USER_PATHS = NO;
				CLANG_ANALYZER_NONNULL = YES;
				CLANG_ANALYZER_NUMBER_OBJECT_CONVERSION = YES_AGGRESSIVE;
				CLANG_CXX_LANGUAGE_STANDARD = "gnu++14";
				CLANG_CXX_LIBRARY = "libc++";
				CLANG_ENABLE_MODULES = YES;
				CLANG_ENABLE_OBJC_ARC = YES;
				CLANG_ENABLE_OBJC_WEAK = YES;
				CLANG_WARN_BLOCK_CAPTURE_AUTORELEASING = YES;
				CLANG_WARN_BOOL_CONVERSION = YES;
				CLANG_WARN_COMMA = YES;
				CLANG_WARN_CONSTANT_CONVERSION = YES;
				CLANG_WARN_DEPRECATED_OBJC_IMPLEMENTATIONS = YES;
				CLANG_WARN_DIRECT_OBJC_ISA_USAGE = YES_ERROR;
				CLANG_WARN_DOCUMENTATION_COMMENTS = YES;
				CLANG_WARN_EMPTY_BODY = YES;
				CLANG_WARN_ENUM_CONVERSION = YES;
				CLANG_WARN_INFINITE_RECURSION = YES;
				CLANG_WARN_INT_CONVERSION = YES;
				CLANG_WARN_NON_LITERAL_NULL_CONVERSION = YES;
				CLANG_WARN_OBJC_IMPLICIT_RETAIN_SELF = YES;
				CLANG_WARN_OBJC_LITERAL_CONVERSION = YES;
				CLANG_WARN_OBJC_ROOT_CLASS = YES_ERROR;
				CLANG_WARN_RANGE_LOOP_ANALYSIS = YES;
				CLANG_WARN_STRICT_PROTOTYPES = YES;
				CLANG_WARN_SUSPICIOUS_MOVE = YES;
				CLANG_WARN_UNGUARDED_AVAILABILITY = YES_AGGRESSIVE;
				CLANG_WARN_UNREACHABLE_CODE = YES;
				CLANG_WARN__DUPLICATE_METHOD_MATCH = YES;
				CODE_SIGN_IDENTITY = "iPhone Developer";
				COPY_PHASE_STRIP = NO;
				DEBUG_INFORMATION_FORMAT = "dwarf-with-dsym";
				ENABLE_NS_ASSERTIONS = NO;
				ENABLE_STRICT_OBJC_MSGSEND = YES;
				GCC_C_LANGUAGE_STANDARD = gnu11;
				GCC_NO_COMMON_BLOCKS = YES;
				GCC_WARN_64_TO_32_BIT_CONVERSION = YES;
				GCC_WARN_ABOUT_RETURN_TYPE = YES_ERROR;
				GCC_WARN_UNDECLARED_SELECTOR = YES;
				GCC_WARN_UNINITIALIZED_AUTOS = YES_AGGRESSIVE;
				GCC_WARN_UNUSED_FUNCTION = YES;
				GCC_WARN_UNUSED_VARIABLE = YES;
				IPHONEOS_DEPLOYMENT_TARGET = 12.2;
				MTL_ENABLE_DEBUG_INFO = NO;
				MTL_FAST_MATH = YES;
				SDKROOT = iphoneos;
				SWIFT_COMPILATION_MODE = wholemodule;
				SWIFT_OPTIMIZATION_LEVEL = "-O";
				VALIDATE_PRODUCT = YES;
			};
			name = Release;
		};
		5AADE8AF23864126003567BE /* Debug */ = {
			isa = XCBuildConfiguration;
			buildSettings = {
				ASSETCATALOG_COMPILER_APPICON_NAME = AppIcon;
				CODE_SIGN_STYLE = Automatic;
				DEVELOPMENT_TEAM = 79R555YS9S;
				INFOPLIST_FILE = ExtensionBaseImpDemo/Info.plist;
				LD_RUNPATH_SEARCH_PATHS = (
					"$(inherited)",
					"@executable_path/Frameworks",
				);
				PRODUCT_BUNDLE_IDENTIFIER = com.Wanutoo.ExtensionBaseImpDemo;
				PRODUCT_NAME = "$(TARGET_NAME)";
				SWIFT_VERSION = 5.0;
				TARGETED_DEVICE_FAMILY = "1,2";
			};
			name = Debug;
		};
		5AADE8B023864126003567BE /* Release */ = {
			isa = XCBuildConfiguration;
			buildSettings = {
				ASSETCATALOG_COMPILER_APPICON_NAME = AppIcon;
				CODE_SIGN_STYLE = Automatic;
				DEVELOPMENT_TEAM = 79R555YS9S;
				INFOPLIST_FILE = ExtensionBaseImpDemo/Info.plist;
				LD_RUNPATH_SEARCH_PATHS = (
					"$(inherited)",
					"@executable_path/Frameworks",
				);
				PRODUCT_BUNDLE_IDENTIFIER = com.Wanutoo.ExtensionBaseImpDemo;
				PRODUCT_NAME = "$(TARGET_NAME)";
				SWIFT_VERSION = 5.0;
				TARGETED_DEVICE_FAMILY = "1,2";
			};
			name = Release;
		};
/* End XCBuildConfiguration section */

/* Begin XCConfigurationList section */
		5AADE89723864124003567BE /* Build configuration list for PBXProject "ExtensionBaseImpDemo" */ = {
			isa = XCConfigurationList;
			buildConfigurations = (
				5AADE8AC23864126003567BE /* Debug */,
				5AADE8AD23864126003567BE /* Release */,
			);
			defaultConfigurationIsVisible = 0;
			defaultConfigurationName = Release;
		};
		5AADE8AE23864126003567BE /* Build configuration list for PBXNativeTarget "ExtensionBaseImpDemo" */ = {
			isa = XCConfigurationList;
			buildConfigurations = (
				5AADE8AF23864126003567BE /* Debug */,
				5AADE8B023864126003567BE /* Release */,
			);
			defaultConfigurationIsVisible = 0;
			defaultConfigurationName = Release;
		};
/* End XCConfigurationList section */
	};
	rootObject = 5AADE89423864124003567BE /* Project object */;
}
